
Microsoft Visual Studio Solution File, Format Version 12.00
# Visual Studio Version 17
VisualStudioVersion = 17.6.33815.320
MinimumVisualStudioVersion = 10.0.40219.1
Project("{FAE04EC0-301F-11D3-BF4B-00C04F79EFBC}") = "Tenno_Server", "Tenno_Server.csproj", "{D2E29139-C6BB-4E84-B182-E58F76DAD51C}"
EndProject
Global
	GlobalSection(SolutionConfigurationPlatforms) = preSolution
		Debug|x86 = Debug|x86
		Release|x86 = Release|x86
	EndGlobalSection
	GlobalSection(ProjectConfigurationPlatforms) = postSolution
		{D2E29139-C6BB-4E84-B182-E58F76DAD51C}.Debug|x86.ActiveCfg = Debug|x86
		{D2E29139-C6BB-4E84-B182-E58F76DAD51C}.Debug|x86.Build.0 = Debug|x86
		{D2E29139-C6BB-4E84-B182-E58F76DAD51C}.Release|x86.ActiveCfg = Release|x86
		{D2E29139-C6BB-4E84-B182-E58F76DAD51C}.Release|x86.Build.0 = Release|x86
	EndGlobalSection
	GlobalSection(SolutionProperties) = preSolution
		HideSolutionNode = FALSE
	EndGlobalSection
	GlobalSection(ExtensibilityGlobals) = postSolution
		SolutionGuid = {A59E3E56-E4F5-4A05-A8A8-7977B4F2E11B}
	EndGlobalSection
EndGlobal
